
Microsoft Visual Studio Solution File, Format Version 10.00
# Visual C++ Express 2008
Project("{8BC9CEB8-8B4A-11D0-8D11-00A0C91BC942}") = "lib-opengb-cid", "lib-opengb-cid\lib-opengb-cid.vcproj", "{A0544733-7907-4776-80E0-32ED364D376C}"
EndProject
Global
	GlobalSection(SolutionConfigurationPlatforms) = preSolution
		Debug|Win32 = Debug|Win32
		Release|Win32 = Release|Win32
	EndGlobalSection
	GlobalSection(ProjectConfigurationPlatforms) = postSolution
		{A0544733-7907-4776-80E0-32ED364D376C}.Debug|Win32.ActiveCfg = Debug|Win32
		{A0544733-7907-4776-80E0-32ED364D376C}.Debug|Win32.Build.0 = Debug|Win32
		{A0544733-7907-4776-80E0-32ED364D376C}.Release|Win32.ActiveCfg = Release|Win32
		{A0544733-7907-4776-80E0-32ED364D376C}.Release|Win32.Build.0 = Release|Win32
	EndGlobalSection
	GlobalSection(SolutionProperties) = preSolution
		HideSolutionNode = FALSE
	EndGlobalSection
EndGlobal
